{
  "name": "lesson2",
  "lockfileVersion": 2,
  "requires": true,
  "packages": {
    "": {
      "dependencies": {
        "moment": "^2.29.4",
        "moment-precise-range-plugin": "^1.3.0"
      }
    },
    "node_modules/moment": {
      "version": "2.29.4",
      "resolved": "https://registry.npmjs.org/moment/-/moment-2.29.4.tgz",
      "integrity": "sha512-5LC9SOxjSc2HF6vO2CyuTDNivEdoz2IvyJJGj6X8DJ0eFyfszE0QiEd+iXmBvUP3WHxSjFH/vIsA0EN00cgr8w==",
      "engines": {
        "node": "*"
      }
    },
    "node_modules/moment-precise-range-plugin": {
      "version": "1.3.0",
      "resolved": "https://registry.npmjs.org/moment-precise-range-plugin/-/moment-precise-range-plugin-1.3.0.tgz",
      "integrity": "sha512-JZiuEK3XqsBQ6W2eoDhZSpc3bPZqMW4OMPmZId24oyngkHD5ixvgKFBicO6wgfYeURWaISOpGU27KFRMl1qN+Q==",
      "peerDependencies": {
        "moment": ">=2.9.0"
      }
    }
  },
  "dependencies": {
    "moment": {
      "version": "2.29.4",
      "resolved": "https://registry.npmjs.org/moment/-/moment-2.29.4.tgz",
      "integrity": "sha512-5LC9SOxjSc2HF6vO2CyuTDNivEdoz2IvyJJGj6X8DJ0eFyfszE0QiEd+iXmBvUP3WHxSjFH/vIsA0EN00cgr8w=="
    },
    "moment-precise-range-plugin": {
      "version": "1.3.0",
      "resolved": "https://registry.npmjs.org/moment-precise-range-plugin/-/moment-precise-range-plugin-1.3.0.tgz",
      "integrity": "sha512-JZiuEK3XqsBQ6W2eoDhZSpc3bPZqMW4OMPmZId24oyngkHD5ixvgKFBicO6wgfYeURWaISOpGU27KFRMl1qN+Q==",
      "requires": {}
    }
  }
}
